
Microsoft Visual Studio Solution File, Format Version 12.00
# Visual Studio Version 16
VisualStudioVersion = 16.0.30621.155
MinimumVisualStudioVersion = 10.0.40219.1
Project("{FAE04EC0-301F-11D3-BF4B-00C04F79EFBC}") = "dis_hastanesi", "dis_hastanesi\dis_hastanesi.csproj", "{59666B1C-7FBB-4C3A-8ECF-EEC97D7FA1BB}"
EndProject
Global
	GlobalSection(SolutionConfigurationPlatforms) = preSolution
		Debug|Any CPU = Debug|Any CPU
		Release|Any CPU = Release|Any CPU
	EndGlobalSection
	GlobalSection(ProjectConfigurationPlatforms) = postSolution
		{59666B1C-7FBB-4C3A-8ECF-EEC97D7FA1BB}.Debug|Any CPU.ActiveCfg = Debug|Any CPU
		{59666B1C-7FBB-4C3A-8ECF-EEC97D7FA1BB}.Debug|Any CPU.Build.0 = Debug|Any CPU
		{59666B1C-7FBB-4C3A-8ECF-EEC97D7FA1BB}.Release|Any CPU.ActiveCfg = Release|Any CPU
		{59666B1C-7FBB-4C3A-8ECF-EEC97D7FA1BB}.Release|Any CPU.Build.0 = Release|Any CPU
	EndGlobalSection
	GlobalSection(SolutionProperties) = preSolution
		HideSolutionNode = FALSE
	EndGlobalSection
	GlobalSection(ExtensibilityGlobals) = postSolution
		SolutionGuid = {B601FEA6-407E-4AAA-98D1-E86C02DAA78D}
	EndGlobalSection
EndGlobal
